
Microsoft Visual Studio Solution File, Format Version 12.00
# Visual Studio Version 16
VisualStudioVersion = 25.0.1704.5
MinimumVisualStudioVersion = 10.0.40219.1
Project("{FAE04EC0-301F-11D3-BF4B-00C04F79EFBC}") = "hobbyist", "hobbyist\hobbyist.csproj", "{29396432-E9D0-499F-84C8-ED1C3C7CEC8F}"
EndProject
Global
	GlobalSection(SolutionConfigurationPlatforms) = preSolution
		Debug|Any CPU = Debug|Any CPU
		Release|Any CPU = Release|Any CPU
	EndGlobalSection
	GlobalSection(ProjectConfigurationPlatforms) = postSolution
		{29396432-E9D0-499F-84C8-ED1C3C7CEC8F}.Debug|Any CPU.ActiveCfg = Debug|Any CPU
		{29396432-E9D0-499F-84C8-ED1C3C7CEC8F}.Debug|Any CPU.Build.0 = Debug|Any CPU
		{29396432-E9D0-499F-84C8-ED1C3C7CEC8F}.Release|Any CPU.ActiveCfg = Release|Any CPU
		{29396432-E9D0-499F-84C8-ED1C3C7CEC8F}.Release|Any CPU.Build.0 = Release|Any CPU
	EndGlobalSection
	GlobalSection(SolutionProperties) = preSolution
		HideSolutionNode = FALSE
	EndGlobalSection
	GlobalSection(ExtensibilityGlobals) = postSolution
		SolutionGuid = {A17C96A3-5B92-4135-8B69-193AEE49ADA6}
	EndGlobalSection
EndGlobal
